
Microsoft Visual Studio Solution File, Format Version 12.00
# Visual Studio Version 17
VisualStudioVersion = 17.5.002.0
MinimumVisualStudioVersion = 10.0.40219.1
Project("{9A19103F-16F7-4668-BE54-9A1E7A4F7556}") = "100daysCs", "100daysCs.csproj", "{751DCD18-E959-4DD3-AE31-3E2AAE9C004E}"
EndProject
Global
	GlobalSection(SolutionConfigurationPlatforms) = preSolution
		Debug|Any CPU = Debug|Any CPU
		Release|Any CPU = Release|Any CPU
	EndGlobalSection
	GlobalSection(ProjectConfigurationPlatforms) = postSolution
		{751DCD18-E959-4DD3-AE31-3E2AAE9C004E}.Debug|Any CPU.ActiveCfg = Debug|Any CPU
		{751DCD18-E959-4DD3-AE31-3E2AAE9C004E}.Debug|Any CPU.Build.0 = Debug|Any CPU
		{751DCD18-E959-4DD3-AE31-3E2AAE9C004E}.Release|Any CPU.ActiveCfg = Release|Any CPU
		{751DCD18-E959-4DD3-AE31-3E2AAE9C004E}.Release|Any CPU.Build.0 = Release|Any CPU
	EndGlobalSection
	GlobalSection(SolutionProperties) = preSolution
		HideSolutionNode = FALSE
	EndGlobalSection
	GlobalSection(ExtensibilityGlobals) = postSolution
		SolutionGuid = {F7FF64C2-0F5C-4D65-A101-5CCD30DA5236}
	EndGlobalSection
EndGlobal
